github.com/TwiN/go-color v1.4.1 h1:mqG0P/KBgHKVqmtL5ye7K0/Gr4l6hTksPgTgMk3mUzc=
github.com/TwiN/go-color v1.4.1/go.mod h1:WcPf/jtiW95WBIsEeY1Lc/b8aaWoiqQpu5cf8WFxu+s=
github.com/ajg/form v1.5.1/go.mod h1:uL1WgH+h2mgNtvBq0339dVnzXdBETtL2LeUXaIv25UY=
github.com/ajg/form v1.8.0 h1:kuvZgwcyDPMm4iFbTQUlg5W3leb5KcL+0lq+8FlvbJ0=
github.com/ajg/form v1.8.0/go.mod h1:HL757PzLyNkj5AIfptT6L+iGNeXTlnrr/oDePGc/y7Q=
github.com/davecgh/go-spew v1.1.1 h1:vj9j/u1bqnvCEfJOwUhtlOARqs3+rkHYY13jYWTU97c=
github.com/davecgh/go-spew v1.1.1/go.mod h1:J7Y8YcW2NihsgmVo/mv3lAwl/skON4iLHjSsI+c5H38=
github.com/go-chi/chi/v5 v5.3.2 h1:5YQkICvTCSZ25hoRsyJazN0scjzKGiu4VAUc7H1o1nY=
github.com/go-chi/chi/v5 v5.3.2/go.mod h1:R+tYY2hNuVUUjxoPtqUdgBqevM9s9njzkTLutVsOCto=
github.com/go-chi/render v1.0.3 h1:AsXqd2a1/INaIfUSKq3G5uA8weYx20FOsM7uSoCyyt4=
github.com/go-chi/render v1.0.3/go.mod h1:/gr3hVkmYR0YlEy3LxCuVRFzEu9Ruok+gFqbIofjao0=
github.com/jsandas/etls v0.1.2 h1:2H/2ERs+oGCOFfww8xH84S6aKsbmS4CiDH5ytnUxZk8=
github.com/jsandas/etls v0.1.2/go.mod h1:7DsHIwBnMQAb0+QzV8Jb+lCJdebQ4091q2FTWdSWfcE=
github.com/jsandas/gologger v0.0.0-20220724041954-4d8e63f0a712 h1:5pPQlZcqmMFlc8u/Ey9nptY6lUDHKIlgzVL02AviGFA=
github.com/jsandas/gologger v0.0.0-20220724041954-4d8e63f0a712/go.mod h1:2hfy33/xeFKZ7IbPgV/zJug8UyY8tbPHoJaJy8rvfrk=
github.com/jsandas/starttls-go v1.1.0 h1:NtXK4aUjLsGYjCvo6YMq3qCI/Iqu+FqrXXoWICgxdlo=
github.com/jsandas/starttls-go v1.1.0/go.mod h1:8rDGnKnQzjlklSUrFapPjIruWb32Zi6Mq7sZrJ3XKHs=
github.com/jsandas/tls-vuln-checker v1.0.0 h1:QXeladMnOoVEDydmn4O3BdCWF4On4E31xr4cFFUF39I=
github.com/jsandas/tls-vuln-checker v1.0.0/go.mod h1:iQnMVDuSMANgu2m1fHjy/d4JwIi6Mm2aibLctv0Q74k=
github.com/pmezard/go-difflib v1.0.0 h1:4DBwDE0NGyQoBHbLQYPwSUPoCMWR5BEzIk/f1lZbAQM=
github.com/pmezard/go-difflib v1.0.0/go.mod h1:iKH77koFhYxTK1pcRnkKkqfTogsbg7gZNVY4sRDYZ/4=
github.com/stretchr/testify v1.8.0 h1:pSgiaMZlXftHpm5L7V1+rVB+AZJydKsMxsQBIJw4PKk=
github.com/stretchr/testify v1.8.0/go.mod h1:yNjHg4UonilssWZ8iaSj1OCr/vHnekPRkoO+kdMU+MU=
golang.org/x/crypto v0.57.0 h1:3ZVCjf8Ggz7zneR/EHRVx68Ctf+2pmIMP2UFhh9cC6M=
golang.org/x/crypto v0.57.0/go.mod h1:Fdz0i5U6CoizGwLda9DttjSk6qlZo25zYNtR+ycvuZA=
golang.org/x/sys v0.48.0 h1:bbX/i/6MgT9BVLM9RT1thmxL04yeTAhbEz4SyadbXoo=
golang.org/x/sys v0.48.0/go.mod h1:hNLxWAXmnKAxqDtdwIYC4bM9oQPEecfsnNMuSxOs3og=
gopkg.in/yaml.v3 v3.0.1 h1:fxVm/GzAzEWqLHuvctI91KS9hhNmmWOoWu0XTYJS7CA=
gopkg.in/yaml.v3 v3.0.1/go.mod h1:K4uyk7z7BCEPqu6E+C64Yfv1cQ7kz7rIZviUmN+EgEM=
